
Microsoft Visual Studio Solution File, Format Version 12.00
# Visual Studio 15
VisualStudioVersion = 15.0.26730.16
MinimumVisualStudioVersion = 10.0.40219.1
Project("{FAE04EC0-301F-11D3-BF4B-00C04F79EFBC}") = "Table-Of-Responsibilities", "Table-Of-Responsibilities\Table-Of-Responsibilities.csproj", "{AAA9652F-8F5D-40A3-AACE-3015EA6BA62E}"
EndProject
Global
	GlobalSection(SolutionConfigurationPlatforms) = preSolution
		Debug|Any CPU = Debug|Any CPU
		Release|Any CPU = Release|Any CPU
	EndGlobalSection
	GlobalSection(ProjectConfigurationPlatforms) = postSolution
		{AAA9652F-8F5D-40A3-AACE-3015EA6BA62E}.Debug|Any CPU.ActiveCfg = Debug|Any CPU
		{AAA9652F-8F5D-40A3-AACE-3015EA6BA62E}.Debug|Any CPU.Build.0 = Debug|Any CPU
		{AAA9652F-8F5D-40A3-AACE-3015EA6BA62E}.Release|Any CPU.ActiveCfg = Release|Any CPU
		{AAA9652F-8F5D-40A3-AACE-3015EA6BA62E}.Release|Any CPU.Build.0 = Release|Any CPU
	EndGlobalSection
	GlobalSection(SolutionProperties) = preSolution
		HideSolutionNode = FALSE
	EndGlobalSection
	GlobalSection(ExtensibilityGlobals) = postSolution
		SolutionGuid = {D550C9B2-EF42-40E5-BA65-41E4C7E75958}
	EndGlobalSection
EndGlobal
